# generated by rye
# use `rye lock` or `rye sync` to update this lockfile
#
# last locked with the following flags:
#   pre: false
#   features: []
#   all-features: false
#   with-sources: false
#   generate-hashes: false

-e file:.
aniso8601==9.0.1
    # via flask-restful
appdirs==1.4.4
    # via genomepy
    # via norns
biopython==1.84
    # via genomepy
    # via ontarget
biothings-client==0.3.1
    # via mygene
certifi==2024.8.30
    # via requests
charset-normalizer==3.4.0
    # via requests
click==8.1.7
    # via click-option-group
    # via flask
    # via genomepy
    # via ontarget
click-option-group==0.5.6
    # via ontarget
colorama==0.4.6
    # via genomepy
deprecated==1.2.15
    # via limits
diskcache==5.6.3
    # via genomepy
filelock==3.16.1
    # via genomepy
flask==2.2.2
    # via flask-cors
    # via flask-limiter
    # via flask-restful
    # via ontarget
flask-cors==3.0.10
    # via ontarget
flask-limiter==3.8.0
    # via ontarget
flask-restful==0.3.9
    # via ontarget
fuzzywuzzy==0.18.0
    # via ontarget
genomepy==0.16.1
    # via ontarget
gud @ git+https://github.com/wassermanlab/GUD@9c835ed3bb4b351a2cd346574c8ac9904345eae2
    # via ontarget
idna==3.10
    # via requests
importlib-metadata==8.5.0
    # via flask
    # via pyfaidx
importlib-resources==6.4.5
    # via limits
interval-binning==1.0.0
    # via ontarget
itsdangerous==2.2.0
    # via flask
jinja2==3.1.4
    # via flask
joblib==1.4.2
    # via scikit-learn
levenshtein==0.26.1
    # via python-levenshtein
limits==3.13.0
    # via flask-limiter
loguru==0.7.2
    # via genomepy
markdown-it-py==3.0.0
    # via rich
markupsafe==3.0.2
    # via jinja2
    # via werkzeug
mdurl==0.1.2
    # via markdown-it-py
mygene==3.2.2
    # via genomepy
mysql-connector-python==9.1.0
    # via genomepy
norns==0.1.6
    # via genomepy
nose==1.3.7
    # via norns
numpy==2.0.2
    # via biopython
    # via genomepy
    # via ontarget
    # via pandas
    # via pybedtools
    # via scikit-learn
    # via scipy
ordered-set==4.1.0
    # via flask-limiter
packaging==24.2
    # via limits
    # via pyfaidx
pandas==2.2.3
    # via genomepy
    # via ontarget
pybedtools==0.10.0
    # via ontarget
pyfaidx==0.8.1.3
    # via genomepy
pygments==2.18.0
    # via rich
pymysql==1.1.1
    # via ontarget
pysam==0.22.1
    # via pybedtools
python-dateutil==2.9.0.post0
    # via pandas
python-levenshtein==0.26.1
    # via ontarget
pytz==2024.2
    # via flask-restful
    # via pandas
pyyaml==6.0.2
    # via norns
rapidfuzz==3.10.1
    # via levenshtein
requests==2.32.3
    # via biothings-client
    # via genomepy
    # via ontarget
rich==13.9.4
    # via flask-limiter
scikit-learn==1.5.2
    # via ontarget
scipy==1.13.1
    # via scikit-learn
six==1.16.0
    # via flask-cors
    # via flask-restful
    # via python-dateutil
sqlalchemy==2.0.36
    # via ontarget
    # via sqlalchemy-fulltext-search
    # via sqlalchemy-utils
sqlalchemy-fulltext-search==0.3.0
    # via ontarget
sqlalchemy-utils==0.41.2
    # via ontarget
threadpoolctl==3.5.0
    # via scikit-learn
tqdm==4.67.0
    # via genomepy
typing-extensions==4.12.2
    # via flask-limiter
    # via limits
    # via rich
    # via sqlalchemy
tzdata==2024.2
    # via pandas
urllib3==2.2.3
    # via requests
werkzeug==2.2.2
    # via flask
    # via ontarget
wrapt==1.16.0
    # via deprecated
zipp==3.21.0
    # via importlib-metadata
    # via importlib-resources
